
Microsoft Visual Studio Solution File, Format Version 12.00
# Visual Studio Version 16
VisualStudioVersion = 16.0.30804.86
MinimumVisualStudioVersion = 10.0.40219.1
Project("{FAE04EC0-301F-11D3-BF4B-00C04F79EFBC}") = "FrameworkTestGenerator", "FrameworkTestGenerator\FrameworkTestGenerator.csproj", "{47951AAD-297C-4206-A8FF-4D100AB26CC8}"
EndProject
Global
	GlobalSection(SolutionConfigurationPlatforms) = preSolution
		Debug|Any CPU = Debug|Any CPU
		Release|Any CPU = Release|Any CPU
	EndGlobalSection
	GlobalSection(ProjectConfigurationPlatforms) = postSolution
		{47951AAD-297C-4206-A8FF-4D100AB26CC8}.Debug|Any CPU.ActiveCfg = Debug|Any CPU
		{47951AAD-297C-4206-A8FF-4D100AB26CC8}.Debug|Any CPU.Build.0 = Debug|Any CPU
		{47951AAD-297C-4206-A8FF-4D100AB26CC8}.Release|Any CPU.ActiveCfg = Release|Any CPU
		{47951AAD-297C-4206-A8FF-4D100AB26CC8}.Release|Any CPU.Build.0 = Release|Any CPU
	EndGlobalSection
	GlobalSection(SolutionProperties) = preSolution
		HideSolutionNode = FALSE
	EndGlobalSection
	GlobalSection(ExtensibilityGlobals) = postSolution
		SolutionGuid = {ED5365F1-40E9-45F0-9488-A3044B955B98}
	EndGlobalSection
EndGlobal
